// !$*UTF8*$!
{
	archiveVersion = 1;
	classes = {
	};
	objectVersion = 46;
	objects = {

/* Begin PBXBuildFile section */
		5CA9CD4115681B4400EB62DC /* UIKit.framework in Frameworks */ = {isa = PBXBuildFile; fileRef = 5CA9CD4015681B4400EB62DC /* UIKit.framework */; };
		5CA9CD4315681B4400EB62DC /* Foundation.framework in Frameworks */ = {isa = PBXBuildFile; fileRef = 5CA9CD4215681B4400EB62DC /* Foundation.framework */; };
		5CA9CD4515681B4400EB62DC /* CoreGraphics.framework in Frameworks */ = {isa = PBXBuildFile; fileRef = 5CA9CD4415681B4400EB62DC /* CoreGraphics.framework */; };
		5CA9CD4B15681B4400EB62DC /* InfoPlist.strings in Resources */ = {isa = PBXBuildFile; fileRef = 5CA9CD4915681B4400EB62DC /* InfoPlist.strings */; };
		5CA9CD4D15681B4400EB62DC /* main.m in Sources */ = {isa = PBXBuildFile; fileRef = 5CA9CD4C15681B4400EB62DC /* main.m */; };
		5CA9CD5115681B4400EB62DC /* MainAppDelegate.m in Sources */ = {isa = PBXBuildFile; fileRef = 5CA9CD5015681B4400EB62DC /* MainAppDelegate.m */; };
		5CA9CD5415681B4400EB62DC /* MainStoryboard.storyboard in Resources */ = {isa = PBXBuildFile; fileRef = 5CA9CD5215681B4400EB62DC /* MainStoryboard.storyboard */; };
		5CA9CD5715681B4400EB62DC /* MainViewController.m in Sources */ = {isa = PBXBuildFile; fileRef = 5CA9CD5615681B4400EB62DC /* MainViewController.m */; };
		5CA9CD5F15681B4400EB62DC /* SenTestingKit.framework in Frameworks */ = {isa = PBXBuildFile; fileRef = 5CA9CD5E15681B4400EB62DC /* SenTestingKit.framework */; };
		5CA9CD6015681B4400EB62DC /* UIKit.framework in Frameworks */ = {isa = PBXBuildFile; fileRef = 5CA9CD4015681B4400EB62DC /* UIKit.framework */; };
		5CA9CD6115681B4400EB62DC /* Foundation.framework in Frameworks */ = {isa = PBXBuildFile; fileRef = 5CA9CD4215681B4400EB62DC /* Foundation.framework */; };
		5CA9CD6915681B4400EB62DC /* InfoPlist.strings in Resources */ = {isa = PBXBuildFile; fileRef = 5CA9CD6715681B4400EB62DC /* InfoPlist.strings */; };
		5CA9CD6C15681B4400EB62DC /* kalrssonMapTests.m in Sources */ = {isa = PBXBuildFile; fileRef = 5CA9CD6B15681B4400EB62DC /* kalrssonMapTests.m */; };
/* End PBXBuildFile section */

/* Begin PBXContainerItemProxy section */
		5CA9CD6215681B4400EB62DC /* PBXContainerItemProxy */ = {
			isa = PBXContainerItemProxy;
			containerPortal = 5CA9CD3315681B4400EB62DC /* Project object */;
			proxyType = 1;
			remoteGlobalIDString = 5CA9CD3B15681B4400EB62DC;
			remoteInfo = kalrssonMap;
		};
/* End PBXContainerItemProxy section */

/* Begin PBXFileReference section */
		5CA9CD3C15681B4400EB62DC /* kalrssonMap.app */ = {isa = PBXFileReference; explicitFileType = wrapper.application; includeInIndex = 0; path = kalrssonMap.app; sourceTree = BUILT_PRODUCTS_DIR; };
		5CA9CD4015681B4400EB62DC /* UIKit.framework */ = {isa = PBXFileReference; lastKnownFileType = wrapper.framework; name = UIKit.framework; path = System/Library/Frameworks/UIKit.framework; sourceTree = SDKROOT; };
		5CA9CD4215681B4400EB62DC /* Foundation.framework */ = {isa = PBXFileReference; lastKnownFileType = wrapper.framework; name = Foundation.framework; path = System/Library/Frameworks/Foundation.framework; sourceTree = SDKROOT; };
		5CA9CD4415681B4400EB62DC /* CoreGraphics.framework */ = {isa = PBXFileReference; lastKnownFileType = wrapper.framework; name = CoreGraphics.framework; path = System/Library/Frameworks/CoreGraphics.framework; sourceTree = SDKROOT; };
		5CA9CD4815681B4400EB62DC /* kalrssonMap-Info.plist */ = {isa = PBXFileReference; lastKnownFileType = text.plist.xml; path = "kalrssonMap-Info.plist"; sourceTree = "<group>"; };
		5CA9CD4A15681B4400EB62DC /* en */ = {isa = PBXFileReference; lastKnownFileType = text.plist.strings; name = en; path = en.lproj/InfoPlist.strings; sourceTree = "<group>"; };
		5CA9CD4C15681B4400EB62DC /* main.m */ = {isa = PBXFileReference; lastKnownFileType = sourcecode.c.objc; path = main.m; sourceTree = "<group>"; };
		5CA9CD4E15681B4400EB62DC /* kalrssonMap-Prefix.pch */ = {isa = PBXFileReference; lastKnownFileType = sourcecode.c.h; path = "kalrssonMap-Prefix.pch"; sourceTree = "<group>"; };
		5CA9CD4F15681B4400EB62DC /* MainAppDelegate.h */ = {isa = PBXFileReference; lastKnownFileType = sourcecode.c.h; path = MainAppDelegate.h; sourceTree = "<group>"; };
		5CA9CD5015681B4400EB62DC /* MainAppDelegate.m */ = {isa = PBXFileReference; lastKnownFileType = sourcecode.c.objc; path = MainAppDelegate.m; sourceTree = "<group>"; };
		5CA9CD5315681B4400EB62DC /* en */ = {isa = PBXFileReference; lastKnownFileType = file.storyboard; name = en; path = en.lproj/MainStoryboard.storyboard; sourceTree = "<group>"; };
		5CA9CD5515681B4400EB62DC /* MainViewController.h */ = {isa = PBXFileReference; lastKnownFileType = sourcecode.c.h; path = MainViewController.h; sourceTree = "<group>"; };
		5CA9CD5615681B4400EB62DC /* MainViewController.m */ = {isa = PBXFileReference; lastKnownFileType = sourcecode.c.objc; path = MainViewController.m; sourceTree = "<group>"; };
		5CA9CD5D15681B4400EB62DC /* kalrssonMapTests.octest */ = {isa = PBXFileReference; explicitFileType = wrapper.cfbundle; includeInIndex = 0; path = kalrssonMapTests.octest; sourceTree = BUILT_PRODUCTS_DIR; };
		5CA9CD5E15681B4400EB62DC /* SenTestingKit.framework */ = {isa = PBXFileReference; lastKnownFileType = wrapper.framework; name = SenTestingKit.framework; path = Library/Frameworks/SenTestingKit.framework; sourceTree = DEVELOPER_DIR; };
		5CA9CD6615681B4400EB62DC /* kalrssonMapTests-Info.plist */ = {isa = PBXFileReference; lastKnownFileType = text.plist.xml; path = "kalrssonMapTests-Info.plist"; sourceTree = "<group>"; };
		5CA9CD6815681B4400EB62DC /* en */ = {isa = PBXFileReference; lastKnownFileType = text.plist.strings; name = en; path = en.lproj/InfoPlist.strings; sourceTree = "<group>"; };
		5CA9CD6A15681B4400EB62DC /* kalrssonMapTests.h */ = {isa = PBXFileReference; lastKnownFileType = sourcecode.c.h; path = kalrssonMapTests.h; sourceTree = "<group>"; };
		5CA9CD6B15681B4400EB62DC /* kalrssonMapTests.m */ = {isa = PBXFileReference; lastKnownFileType = sourcecode.c.objc; path = kalrssonMapTests.m; sourceTree = "<group>"; };
/* End PBXFileReference section */

/* Begin PBXFrameworksBuildPhase section */
		5CA9CD3915681B4400EB62DC /* Frameworks */ = {
			isa = PBXFrameworksBuildPhase;
			buildActionMask = 2147483647;
			files = (
				5CA9CD4115681B4400EB62DC /* UIKit.framework in Frameworks */,
				5CA9CD4315681B4400EB62DC /* Foundation.framework in Frameworks */,
				5CA9CD4515681B4400EB62DC /* CoreGraphics.framework in Frameworks */,
			);
			runOnlyForDeploymentPostprocessing = 0;
		};
		5CA9CD5915681B4400EB62DC /* Frameworks */ = {
			isa = PBXFrameworksBuildPhase;
			buildActionMask = 2147483647;
			files = (
				5CA9CD5F15681B4400EB62DC /* SenTestingKit.framework in Frameworks */,
				5CA9CD6015681B4400EB62DC /* UIKit.framework in Frameworks */,
				5CA9CD6115681B4400EB62DC /* Foundation.framework in Frameworks */,
			);
			runOnlyForDeploymentPostprocessing = 0;
		};
/* End PBXFrameworksBuildPhase section */

/* Begin PBXGroup section */
		5CA9CD3115681B4400EB62DC = {
			isa = PBXGroup;
			children = (
				5CA9CD4615681B4400EB62DC /* kalrssonMap */,
				5CA9CD6415681B4400EB62DC /* kalrssonMapTests */,
				5CA9CD3F15681B4400EB62DC /* Frameworks */,
				5CA9CD3D15681B4400EB62DC /* Products */,
			);
			sourceTree = "<group>";
		};
		5CA9CD3D15681B4400EB62DC /* Products */ = {
			isa = PBXGroup;
			children = (
				5CA9CD3C15681B4400EB62DC /* kalrssonMap.app */,
				5CA9CD5D15681B4400EB62DC /* kalrssonMapTests.octest */,
			);
			name = Products;
			sourceTree = "<group>";
		};
		5CA9CD3F15681B4400EB62DC /* Frameworks */ = {
			isa = PBXGroup;
			children = (
				5CA9CD4015681B4400EB62DC /* UIKit.framework */,
				5CA9CD4215681B4400EB62DC /* Foundation.framework */,
				5CA9CD4415681B4400EB62DC /* CoreGraphics.framework */,
				5CA9CD5E15681B4400EB62DC /* SenTestingKit.framework */,
			);
			name = Frameworks;
			sourceTree = "<group>";
		};
		5CA9CD4615681B4400EB62DC /* kalrssonMap */ = {
			isa = PBXGroup;
			children = (
				5CA9CD4F15681B4400EB62DC /* MainAppDelegate.h */,
				5CA9CD5015681B4400EB62DC /* MainAppDelegate.m */,
				5CA9CD5215681B4400EB62DC /* MainStoryboard.storyboard */,
				5CA9CD5515681B4400EB62DC /* MainViewController.h */,
				5CA9CD5615681B4400EB62DC /* MainViewController.m */,
				5CA9CD4715681B4400EB62DC /* Supporting Files */,
			);
			path = kalrssonMap;
			sourceTree = "<group>";
		};
		5CA9CD4715681B4400EB62DC /* Supporting Files */ = {
			isa = PBXGroup;
			children = (
				5CA9CD4815681B4400EB62DC /* kalrssonMap-Info.plist */,
				5CA9CD4915681B4400EB62DC /* InfoPlist.strings */,
				5CA9CD4C15681B4400EB62DC /* main.m */,
				5CA9CD4E15681B4400EB62DC /* kalrssonMap-Prefix.pch */,
			);
			name = "Supporting Files";
			sourceTree = "<group>";
		};
		5CA9CD6415681B4400EB62DC /* kalrssonMapTests */ = {
			isa = PBXGroup;
			children = (
				5CA9CD6A15681B4400EB62DC /* kalrssonMapTests.h */,
				5CA9CD6B15681B4400EB62DC /* kalrssonMapTests.m */,
				5CA9CD6515681B4400EB62DC /* Supporting Files */,
			);
			path = kalrssonMapTests;
			sourceTree = "<group>";
		};
		5CA9CD6515681B4400EB62DC /* Supporting Files */ = {
			isa = PBXGroup;
			children = (
				5CA9CD6615681B4400EB62DC /* kalrssonMapTests-Info.plist */,
				5CA9CD6715681B4400EB62DC /* InfoPlist.strings */,
			);
			name = "Supporting Files";
			sourceTree = "<group>";
		};
/* End PBXGroup section */

/* Begin PBXNativeTarget section */
		5CA9CD3B15681B4400EB62DC /* kalrssonMap */ = {
			isa = PBXNativeTarget;
			buildConfigurationList = 5CA9CD6F15681B4400EB62DC /* Build configuration list for PBXNativeTarget "kalrssonMap" */;
			buildPhases = (
				5CA9CD3815681B4400EB62DC /* Sources */,
				5CA9CD3915681B4400EB62DC /* Frameworks */,
				5CA9CD3A15681B4400EB62DC /* Resources */,
			);
			buildRules = (
			);
			dependencies = (
			);
			name = kalrssonMap;
			productName = kalrssonMap;
			productReference = 5CA9CD3C15681B4400EB62DC /* kalrssonMap.app */;
			productType = "com.apple.product-type.application";
		};
		5CA9CD5C15681B4400EB62DC /* kalrssonMapTests */ = {
			isa = PBXNativeTarget;
			buildConfigurationList = 5CA9CD7215681B4400EB62DC /* Build configuration list for PBXNativeTarget "kalrssonMapTests" */;
			buildPhases = (
				5CA9CD5815681B4400EB62DC /* Sources */,
				5CA9CD5915681B4400EB62DC /* Frameworks */,
				5CA9CD5A15681B4400EB62DC /* Resources */,
				5CA9CD5B15681B4400EB62DC /* ShellScript */,
			);
			buildRules = (
			);
			dependencies = (
				5CA9CD6315681B4400EB62DC /* PBXTargetDependency */,
			);
			name = kalrssonMapTests;
			productName = kalrssonMapTests;
			productReference = 5CA9CD5D15681B4400EB62DC /* kalrssonMapTests.octest */;
			productType = "com.apple.product-type.bundle";
		};
/* End PBXNativeTarget section */

/* Begin PBXProject section */
		5CA9CD3315681B4400EB62DC /* Project object */ = {
			isa = PBXProject;
			attributes = {
				LastUpgradeCheck = 0420;
			};
			buildConfigurationList = 5CA9CD3615681B4400EB62DC /* Build configuration list for PBXProject "kalrssonMap" */;
			compatibilityVersion = "Xcode 3.2";
			developmentRegion = English;
			hasScannedForEncodings = 0;
			knownRegions = (
				en,
			);
			mainGroup = 5CA9CD3115681B4400EB62DC;
			productRefGroup = 5CA9CD3D15681B4400EB62DC /* Products */;
			projectDirPath = "";
			projectRoot = "";
			targets = (
				5CA9CD3B15681B4400EB62DC /* kalrssonMap */,
				5CA9CD5C15681B4400EB62DC /* kalrssonMapTests */,
			);
		};
/* End PBXProject section */

/* Begin PBXResourcesBuildPhase section */
		5CA9CD3A15681B4400EB62DC /* Resources */ = {
			isa = PBXResourcesBuildPhase;
			buildActionMask = 2147483647;
			files = (
				5CA9CD4B15681B4400EB62DC /* InfoPlist.strings in Resources */,
				5CA9CD5415681B4400EB62DC /* MainStoryboard.storyboard in Resources */,
			);
			runOnlyForDeploymentPostprocessing = 0;
		};
		5CA9CD5A15681B4400EB62DC /* Resources */ = {
			isa = PBXResourcesBuildPhase;
			buildActionMask = 2147483647;
			files = (
				5CA9CD6915681B4400EB62DC /* InfoPlist.strings in Resources */,
			);
			runOnlyForDeploymentPostprocessing = 0;
		};
/* End PBXResourcesBuildPhase section */

/* Begin PBXShellScriptBuildPhase section */
		5CA9CD5B15681B4400EB62DC /* ShellScript */ = {
			isa = PBXShellScriptBuildPhase;
			buildActionMask = 2147483647;
			files = (
			);
			inputPaths = (
			);
			outputPaths = (
			);
			runOnlyForDeploymentPostprocessing = 0;
			shellPath = /bin/sh;
			shellScript = "# Run the unit tests in this test bundle.\n\"${SYSTEM_DEVELOPER_DIR}/Tools/RunUnitTests\"\n";
		};
/* End PBXShellScriptBuildPhase section */

/* Begin PBXSourcesBuildPhase section */
		5CA9CD3815681B4400EB62DC /* Sources */ = {
			isa = PBXSourcesBuildPhase;
			buildActionMask = 2147483647;
			files = (
				5CA9CD4D15681B4400EB62DC /* main.m in Sources */,
				5CA9CD5115681B4400EB62DC /* MainAppDelegate.m in Sources */,
				5CA9CD5715681B4400EB62DC /* MainViewController.m in Sources */,
			);
			runOnlyForDeploymentPostprocessing = 0;
		};
		5CA9CD5815681B4400EB62DC /* Sources */ = {
			isa = PBXSourcesBuildPhase;
			buildActionMask = 2147483647;
			files = (
				5CA9CD6C15681B4400EB62DC /* kalrssonMapTests.m in Sources */,
			);
			runOnlyForDeploymentPostprocessing = 0;
		};
/* End PBXSourcesBuildPhase section */

/* Begin PBXTargetDependency section */
		5CA9CD6315681B4400EB62DC /* PBXTargetDependency */ = {
			isa = PBXTargetDependency;
			target = 5CA9CD3B15681B4400EB62DC /* kalrssonMap */;
			targetProxy = 5CA9CD6215681B4400EB62DC /* PBXContainerItemProxy */;
		};
/* End PBXTargetDependency section */

/* Begin PBXVariantGroup section */
		5CA9CD4915681B4400EB62DC /* InfoPlist.strings */ = {
			isa = PBXVariantGroup;
			children = (
				5CA9CD4A15681B4400EB62DC /* en */,
			);
			name = InfoPlist.strings;
			sourceTree = "<group>";
		};
		5CA9CD5215681B4400EB62DC /* MainStoryboard.storyboard */ = {
			isa = PBXVariantGroup;
			children = (
				5CA9CD5315681B4400EB62DC /* en */,
			);
			name = MainStoryboard.storyboard;
			sourceTree = "<group>";
		};
		5CA9CD6715681B4400EB62DC /* InfoPlist.strings */ = {
			isa = PBXVariantGroup;
			children = (
				5CA9CD6815681B4400EB62DC /* en */,
			);
			name = InfoPlist.strings;
			sourceTree = "<group>";
		};
/* End PBXVariantGroup section */

/* Begin XCBuildConfiguration section */
		5CA9CD6D15681B4400EB62DC /* Debug */ = {
			isa = XCBuildConfiguration;
			buildSettings = {
				ALWAYS_SEARCH_USER_PATHS = NO;
				ARCHS = "$(ARCHS_STANDARD_32_BIT)";
				CLANG_ENABLE_OBJC_ARC = YES;
				"CODE_SIGN_IDENTITY[sdk=iphoneos*]" = "iPhone Developer";
				COPY_PHASE_STRIP = NO;
				GCC_C_LANGUAGE_STANDARD = gnu99;
				GCC_DYNAMIC_NO_PIC = NO;
				GCC_OPTIMIZATION_LEVEL = 0;
				GCC_PREPROCESSOR_DEFINITIONS = (
					"DEBUG=1",
					"$(inherited)",
				);
				GCC_SYMBOLS_PRIVATE_EXTERN = NO;
				GCC_VERSION = com.apple.compilers.llvm.clang.1_0;
				GCC_WARN_ABOUT_MISSING_PROTOTYPES = YES;
				GCC_WARN_ABOUT_RETURN_TYPE = YES;
				GCC_WARN_UNUSED_VARIABLE = YES;
				IPHONEOS_DEPLOYMENT_TARGET = 5.0;
				SDKROOT = iphoneos;
			};
			name = Debug;
		};
		5CA9CD6E15681B4400EB62DC /* Release */ = {
			isa = XCBuildConfiguration;
			buildSettings = {
				ALWAYS_SEARCH_USER_PATHS = NO;
				ARCHS = "$(ARCHS_STANDARD_32_BIT)";
				CLANG_ENABLE_OBJC_ARC = YES;
				"CODE_SIGN_IDENTITY[sdk=iphoneos*]" = "iPhone Developer";
				COPY_PHASE_STRIP = YES;
				GCC_C_LANGUAGE_STANDARD = gnu99;
				GCC_VERSION = com.apple.compilers.llvm.clang.1_0;
				GCC_WARN_ABOUT_MISSING_PROTOTYPES = YES;
				GCC_WARN_ABOUT_RETURN_TYPE = YES;
				GCC_WARN_UNUSED_VARIABLE = YES;
				IPHONEOS_DEPLOYMENT_TARGET = 5.0;
				OTHER_CFLAGS = "-DNS_BLOCK_ASSERTIONS=1";
				SDKROOT = iphoneos;
				VALIDATE_PRODUCT = YES;
			};
			name = Release;
		};
		5CA9CD7015681B4400EB62DC /* Debug */ = {
			isa = XCBuildConfiguration;
			buildSettings = {
				GCC_PRECOMPILE_PREFIX_HEADER = YES;
				GCC_PREFIX_HEADER = "kalrssonMap/kalrssonMap-Prefix.pch";
				INFOPLIST_FILE = "kalrssonMap/kalrssonMap-Info.plist";
				PRODUCT_NAME = "$(TARGET_NAME)";
				WRAPPER_EXTENSION = app;
			};
			name = Debug;
		};
		5CA9CD7115681B4400EB62DC /* Release */ = {
			isa = XCBuildConfiguration;
			buildSettings = {
				GCC_PRECOMPILE_PREFIX_HEADER = YES;
				GCC_PREFIX_HEADER = "kalrssonMap/kalrssonMap-Prefix.pch";
				INFOPLIST_FILE = "kalrssonMap/kalrssonMap-Info.plist";
				PRODUCT_NAME = "$(TARGET_NAME)";
				WRAPPER_EXTENSION = app;
			};
			name = Release;
		};
		5CA9CD7315681B4400EB62DC /* Debug */ = {
			isa = XCBuildConfiguration;
			buildSettings = {
				BUNDLE_LOADER = "$(BUILT_PRODUCTS_DIR)/kalrssonMap.app/kalrssonMap";
				FRAMEWORK_SEARCH_PATHS = (
					"$(SDKROOT)/Developer/Library/Frameworks",
					"$(DEVELOPER_LIBRARY_DIR)/Frameworks",
				);
				GCC_PRECOMPILE_PREFIX_HEADER = YES;
				GCC_PREFIX_HEADER = "kalrssonMap/kalrssonMap-Prefix.pch";
				INFOPLIST_FILE = "kalrssonMapTests/kalrssonMapTests-Info.plist";
				PRODUCT_NAME = "$(TARGET_NAME)";
				TEST_HOST = "$(BUNDLE_LOADER)";
				WRAPPER_EXTENSION = octest;
			};
			name = Debug;
		};
		5CA9CD7415681B4400EB62DC /* Release */ = {
			isa = XCBuildConfiguration;
			buildSettings = {
				BUNDLE_LOADER = "$(BUILT_PRODUCTS_DIR)/kalrssonMap.app/kalrssonMap";
				FRAMEWORK_SEARCH_PATHS = (
					"$(SDKROOT)/Developer/Library/Frameworks",
					"$(DEVELOPER_LIBRARY_DIR)/Frameworks",
				);
				GCC_PRECOMPILE_PREFIX_HEADER = YES;
				GCC_PREFIX_HEADER = "kalrssonMap/kalrssonMap-Prefix.pch";
				INFOPLIST_FILE = "kalrssonMapTests/kalrssonMapTests-Info.plist";
				PRODUCT_NAME = "$(TARGET_NAME)";
				TEST_HOST = "$(BUNDLE_LOADER)";
				WRAPPER_EXTENSION = octest;
			};
			name = Release;
		};
/* End XCBuildConfiguration section */

/* Begin XCConfigurationList section */
		5CA9CD3615681B4400EB62DC /* Build configuration list for PBXProject "kalrssonMap" */ = {
			isa = XCConfigurationList;
			buildConfigurations = (
				5CA9CD6D15681B4400EB62DC /* Debug */,
				5CA9CD6E15681B4400EB62DC /* Release */,
			);
			defaultConfigurationIsVisible = 0;
			defaultConfigurationName = Release;
		};
		5CA9CD6F15681B4400EB62DC /* Build configuration list for PBXNativeTarget "kalrssonMap" */ = {
			isa = XCConfigurationList;
			buildConfigurations = (
				5CA9CD7015681B4400EB62DC /* Debug */,
				5CA9CD7115681B4400EB62DC /* Release */,
			);
			defaultConfigurationIsVisible = 0;
		};
		5CA9CD7215681B4400EB62DC /* Build configuration list for PBXNativeTarget "kalrssonMapTests" */ = {
			isa = XCConfigurationList;
			buildConfigurations = (
				5CA9CD7315681B4400EB62DC /* Debug */,
				5CA9CD7415681B4400EB62DC /* Release */,
			);
			defaultConfigurationIsVisible = 0;
		};
/* End XCConfigurationList section */
	};
	rootObject = 5CA9CD3315681B4400EB62DC /* Project object */;
}
